---
- name: check for existing configuration under an interface and update if not present 
  connection: network_cli
  gather_facts: false

  hosts: all

  tasks:
    - name: configuration commands on cisco device
      ios_config:
        parents: interface "{{ item }}"
        match: ip helper-address 172.26.0.1
        replace:
          line: ip helper-address 172.16.0.1
       with_items: 
        - GigabitEthernet1
...
